
Microsoft Visual Studio Solution File, Format Version 12.00
# Visual Studio Version 17
VisualStudioVersion = 17.0.32014.148
MinimumVisualStudioVersion = 10.0.40219.1
Project("{FAE04EC0-301F-11D3-BF4B-00C04F79EFBC}") = "Gateway.MinimalWebAPI", "Gateway.MinimalWebAPI\Gateway.MinimalWebAPI.csproj", "{8D2D6002-F1BF-4105-814B-94CCEB62BD9E}"
EndProject
Global
	GlobalSection(SolutionConfigurationPlatforms) = preSolution
		Debug|Any CPU = Debug|Any CPU
		Release|Any CPU = Release|Any CPU
	EndGlobalSection
	GlobalSection(ProjectConfigurationPlatforms) = postSolution
		{8D2D6002-F1BF-4105-814B-94CCEB62BD9E}.Debug|Any CPU.ActiveCfg = Debug|Any CPU
		{8D2D6002-F1BF-4105-814B-94CCEB62BD9E}.Debug|Any CPU.Build.0 = Debug|Any CPU
		{8D2D6002-F1BF-4105-814B-94CCEB62BD9E}.Release|Any CPU.ActiveCfg = Release|Any CPU
		{8D2D6002-F1BF-4105-814B-94CCEB62BD9E}.Release|Any CPU.Build.0 = Release|Any CPU
	EndGlobalSection
	GlobalSection(SolutionProperties) = preSolution
		HideSolutionNode = FALSE
	EndGlobalSection
	GlobalSection(ExtensibilityGlobals) = postSolution
		SolutionGuid = {818D7A59-7759-4839-835A-DE8A6CAE9025}
	EndGlobalSection
EndGlobal
